// !$*UTF8*$!
{
	archiveVersion = 1;
	classes = {
	};
	objectVersion = 50;
	objects = {

/* Begin PBXBuildFile section */
		502FC63028D34CE500963072 /* AppDelegate.swift in Sources */ = {isa = PBXBuildFile; fileRef = 502FC62F28D34CE500963072 /* AppDelegate.swift */; };
		502FC63228D34CE500963072 /* SceneDelegate.swift in Sources */ = {isa = PBXBuildFile; fileRef = 502FC63128D34CE500963072 /* SceneDelegate.swift */; };
		502FC63728D34CE500963072 /* Main.storyboard in Resources */ = {isa = PBXBuildFile; fileRef = 502FC63528D34CE500963072 /* Main.storyboard */; };
		502FC63928D34CE800963072 /* Assets.xcassets in Resources */ = {isa = PBXBuildFile; fileRef = 502FC63828D34CE800963072 /* Assets.xcassets */; };
		502FC63C28D34CE800963072 /* LaunchScreen.storyboard in Resources */ = {isa = PBXBuildFile; fileRef = 502FC63A28D34CE800963072 /* LaunchScreen.storyboard */; };
		5073355228D461620098C458 /* TaskListTVC.swift in Sources */ = {isa = PBXBuildFile; fileRef = 5073355128D461620098C458 /* TaskListTVC.swift */; };
		5073355628D461FA0098C458 /* TaskCell.swift in Sources */ = {isa = PBXBuildFile; fileRef = 5073355528D461FA0098C458 /* TaskCell.swift */; };
		5073355A28D4664B0098C458 /* TaskVC.swift in Sources */ = {isa = PBXBuildFile; fileRef = 5073355928D4664B0098C458 /* TaskVC.swift */; };
		5073355E28D466A70098C458 /* Delegates.swift in Sources */ = {isa = PBXBuildFile; fileRef = 5073355D28D466A70098C458 /* Delegates.swift */; };
		5073356128D466CE0098C458 /* TaskModel.swift in Sources */ = {isa = PBXBuildFile; fileRef = 5073356028D466CE0098C458 /* TaskModel.swift */; };
/* End PBXBuildFile section */

/* Begin PBXFileReference section */
		502FC62C28D34CE500963072 /* TODO-list.app */ = {isa = PBXFileReference; explicitFileType = wrapper.application; includeInIndex = 0; path = "TODO-list.app"; sourceTree = BUILT_PRODUCTS_DIR; };
		502FC62F28D34CE500963072 /* AppDelegate.swift */ = {isa = PBXFileReference; lastKnownFileType = sourcecode.swift; path = AppDelegate.swift; sourceTree = "<group>"; };
		502FC63128D34CE500963072 /* SceneDelegate.swift */ = {isa = PBXFileReference; lastKnownFileType = sourcecode.swift; path = SceneDelegate.swift; sourceTree = "<group>"; };
		502FC63628D34CE500963072 /* Base */ = {isa = PBXFileReference; lastKnownFileType = file.storyboard; name = Base; path = Base.lproj/Main.storyboard; sourceTree = "<group>"; };
		502FC63828D34CE800963072 /* Assets.xcassets */ = {isa = PBXFileReference; lastKnownFileType = folder.assetcatalog; path = Assets.xcassets; sourceTree = "<group>"; };
		502FC63B28D34CE800963072 /* Base */ = {isa = PBXFileReference; lastKnownFileType = file.storyboard; name = Base; path = Base.lproj/LaunchScreen.storyboard; sourceTree = "<group>"; };
		502FC63D28D34CE800963072 /* Info.plist */ = {isa = PBXFileReference; lastKnownFileType = text.plist.xml; path = Info.plist; sourceTree = "<group>"; };
		5073355128D461620098C458 /* TaskListTVC.swift */ = {isa = PBXFileReference; lastKnownFileType = sourcecode.swift; path = TaskListTVC.swift; sourceTree = "<group>"; };
		5073355528D461FA0098C458 /* TaskCell.swift */ = {isa = PBXFileReference; lastKnownFileType = sourcecode.swift; path = TaskCell.swift; sourceTree = "<group>"; };
		5073355928D4664B0098C458 /* TaskVC.swift */ = {isa = PBXFileReference; lastKnownFileType = sourcecode.swift; path = TaskVC.swift; sourceTree = "<group>"; };
		5073355D28D466A70098C458 /* Delegates.swift */ = {isa = PBXFileReference; lastKnownFileType = sourcecode.swift; path = Delegates.swift; sourceTree = "<group>"; };
		5073356028D466CE0098C458 /* TaskModel.swift */ = {isa = PBXFileReference; lastKnownFileType = sourcecode.swift; path = TaskModel.swift; sourceTree = "<group>"; };
/* End PBXFileReference section */

/* Begin PBXFrameworksBuildPhase section */
		502FC62928D34CE500963072 /* Frameworks */ = {
			isa = PBXFrameworksBuildPhase;
			buildActionMask = 2147483647;
			files = (
			);
			runOnlyForDeploymentPostprocessing = 0;
		};
/* End PBXFrameworksBuildPhase section */

/* Begin PBXGroup section */
		502FC62328D34CE500963072 = {
			isa = PBXGroup;
			children = (
				502FC62E28D34CE500963072 /* TODO-list */,
				502FC62D28D34CE500963072 /* Products */,
			);
			sourceTree = "<group>";
		};
		502FC62D28D34CE500963072 /* Products */ = {
			isa = PBXGroup;
			children = (
				502FC62C28D34CE500963072 /* TODO-list.app */,
			);
			name = Products;
			sourceTree = "<group>";
		};
		502FC62E28D34CE500963072 /* TODO-list */ = {
			isa = PBXGroup;
			children = (
				502FC62F28D34CE500963072 /* AppDelegate.swift */,
				502FC63128D34CE500963072 /* SceneDelegate.swift */,
				502FC63528D34CE500963072 /* Main.storyboard */,
				5073355D28D466A70098C458 /* Delegates.swift */,
				5073356028D466CE0098C458 /* TaskModel.swift */,
				502FC63828D34CE800963072 /* Assets.xcassets */,
				5073355128D461620098C458 /* TaskListTVC.swift */,
				5073355528D461FA0098C458 /* TaskCell.swift */,
				5073355928D4664B0098C458 /* TaskVC.swift */,
				502FC63A28D34CE800963072 /* LaunchScreen.storyboard */,
				502FC63D28D34CE800963072 /* Info.plist */,
			);
			path = "TODO-list";
			sourceTree = "<group>";
		};
/* End PBXGroup section */

/* Begin PBXNativeTarget section */
		502FC62B28D34CE500963072 /* TODO-list */ = {
			isa = PBXNativeTarget;
			buildConfigurationList = 502FC64028D34CE800963072 /* Build configuration list for PBXNativeTarget "TODO-list" */;
			buildPhases = (
				502FC62828D34CE500963072 /* Sources */,
				502FC62928D34CE500963072 /* Frameworks */,
				502FC62A28D34CE500963072 /* Resources */,
			);
			buildRules = (
			);
			dependencies = (
			);
			name = "TODO-list";
			productName = "TODO-list";
			productReference = 502FC62C28D34CE500963072 /* TODO-list.app */;
			productType = "com.apple.product-type.application";
		};
/* End PBXNativeTarget section */

/* Begin PBXProject section */
		502FC62428D34CE500963072 /* Project object */ = {
			isa = PBXProject;
			attributes = {
				LastSwiftUpdateCheck = 1200;
				LastUpgradeCheck = 1200;
				TargetAttributes = {
					502FC62B28D34CE500963072 = {
						CreatedOnToolsVersion = 12.0;
					};
				};
			};
			buildConfigurationList = 502FC62728D34CE500963072 /* Build configuration list for PBXProject "TODO-list" */;
			compatibilityVersion = "Xcode 9.3";
			developmentRegion = en;
			hasScannedForEncodings = 0;
			knownRegions = (
				en,
				Base,
			);
			mainGroup = 502FC62328D34CE500963072;
			productRefGroup = 502FC62D28D34CE500963072 /* Products */;
			projectDirPath = "";
			projectRoot = "";
			targets = (
				502FC62B28D34CE500963072 /* TODO-list */,
			);
		};
/* End PBXProject section */

/* Begin PBXResourcesBuildPhase section */
		502FC62A28D34CE500963072 /* Resources */ = {
			isa = PBXResourcesBuildPhase;
			buildActionMask = 2147483647;
			files = (
				502FC63C28D34CE800963072 /* LaunchScreen.storyboard in Resources */,
				502FC63928D34CE800963072 /* Assets.xcassets in Resources */,
				502FC63728D34CE500963072 /* Main.storyboard in Resources */,
			);
			runOnlyForDeploymentPostprocessing = 0;
		};
/* End PBXResourcesBuildPhase section */

/* Begin PBXSourcesBuildPhase section */
		502FC62828D34CE500963072 /* Sources */ = {
			isa = PBXSourcesBuildPhase;
			buildActionMask = 2147483647;
			files = (
				5073355628D461FA0098C458 /* TaskCell.swift in Sources */,
				502FC63028D34CE500963072 /* AppDelegate.swift in Sources */,
				502FC63228D34CE500963072 /* SceneDelegate.swift in Sources */,
				5073355A28D4664B0098C458 /* TaskVC.swift in Sources */,
				5073355E28D466A70098C458 /* Delegates.swift in Sources */,
				5073355228D461620098C458 /* TaskListTVC.swift in Sources */,
				5073356128D466CE0098C458 /* TaskModel.swift in Sources */,
			);
			runOnlyForDeploymentPostprocessing = 0;
		};
/* End PBXSourcesBuildPhase section */

/* Begin PBXVariantGroup section */
		502FC63528D34CE500963072 /* Main.storyboard */ = {
			isa = PBXVariantGroup;
			children = (
				502FC63628D34CE500963072 /* Base */,
			);
			name = Main.storyboard;
			sourceTree = "<group>";
		};
		502FC63A28D34CE800963072 /* LaunchScreen.storyboard */ = {
			isa = PBXVariantGroup;
			children = (
				502FC63B28D34CE800963072 /* Base */,
			);
			name = LaunchScreen.storyboard;
			sourceTree = "<group>";
		};
/* End PBXVariantGroup section */

/* Begin XCBuildConfiguration section */
		502FC63E28D34CE800963072 /* Debug */ = {
			isa = XCBuildConfiguration;
			buildSettings = {
				ALWAYS_SEARCH_USER_PATHS = NO;
				CLANG_ANALYZER_NONNULL = YES;
				CLANG_ANALYZER_NUMBER_OBJECT_CONVERSION = YES_AGGRESSIVE;
				CLANG_CXX_LANGUAGE_STANDARD = "gnu++14";
				CLANG_CXX_LIBRARY = "libc++";
				CLANG_ENABLE_MODULES = YES;
				CLANG_ENABLE_OBJC_ARC = YES;
				CLANG_ENABLE_OBJC_WEAK = YES;
				CLANG_WARN_BLOCK_CAPTURE_AUTORELEASING = YES;
				CLANG_WARN_BOOL_CONVERSION = YES;
				CLANG_WARN_COMMA = YES;
				CLANG_WARN_CONSTANT_CONVERSION = YES;
				CLANG_WARN_DEPRECATED_OBJC_IMPLEMENTATIONS = YES;
				CLANG_WARN_DIRECT_OBJC_ISA_USAGE = YES_ERROR;
				CLANG_WARN_DOCUMENTATION_COMMENTS = YES;
				CLANG_WARN_EMPTY_BODY = YES;
				CLANG_WARN_ENUM_CONVERSION = YES;
				CLANG_WARN_INFINITE_RECURSION = YES;
				CLANG_WARN_INT_CONVERSION = YES;
				CLANG_WARN_NON_LITERAL_NULL_CONVERSION = YES;
				CLANG_WARN_OBJC_IMPLICIT_RETAIN_SELF = YES;
				CLANG_WARN_OBJC_LITERAL_CONVERSION = YES;
				CLANG_WARN_OBJC_ROOT_CLASS = YES_ERROR;
				CLANG_WARN_QUOTED_INCLUDE_IN_FRAMEWORK_HEADER = YES;
				CLANG_WARN_RANGE_LOOP_ANALYSIS = YES;
				CLANG_WARN_STRICT_PROTOTYPES = YES;
				CLANG_WARN_SUSPICIOUS_MOVE = YES;
				CLANG_WARN_UNGUARDED_AVAILABILITY = YES_AGGRESSIVE;
				CLANG_WARN_UNREACHABLE_CODE = YES;
				CLANG_WARN__DUPLICATE_METHOD_MATCH = YES;
				COPY_PHASE_STRIP = NO;
				DEBUG_INFORMATION_FORMAT = dwarf;
				ENABLE_STRICT_OBJC_MSGSEND = YES;
				ENABLE_TESTABILITY = YES;
				GCC_C_LANGUAGE_STANDARD = gnu11;
				GCC_DYNAMIC_NO_PIC = NO;
				GCC_NO_COMMON_BLOCKS = YES;
				GCC_OPTIMIZATION_LEVEL = 0;
				GCC_PREPROCESSOR_DEFINITIONS = (
					"DEBUG=1",
					"$(inherited)",
				);
				GCC_WARN_64_TO_32_BIT_CONVERSION = YES;
				GCC_WARN_ABOUT_RETURN_TYPE = YES_ERROR;
				GCC_WARN_UNDECLARED_SELECTOR = YES;
				GCC_WARN_UNINITIALIZED_AUTOS = YES_AGGRESSIVE;
				GCC_WARN_UNUSED_FUNCTION = YES;
				GCC_WARN_UNUSED_VARIABLE = YES;
				IPHONEOS_DEPLOYMENT_TARGET = 14.0;
				MTL_ENABLE_DEBUG_INFO = INCLUDE_SOURCE;
				MTL_FAST_MATH = YES;
				ONLY_ACTIVE_ARCH = YES;
				SDKROOT = iphoneos;
				SWIFT_ACTIVE_COMPILATION_CONDITIONS = DEBUG;
				SWIFT_OPTIMIZATION_LEVEL = "-Onone";
			};
			name = Debug;
		};
		502FC63F28D34CE800963072 /* Release */ = {
			isa = XCBuildConfiguration;
			buildSettings = {
				ALWAYS_SEARCH_USER_PATHS = NO;
				CLANG_ANALYZER_NONNULL = YES;
				CLANG_ANALYZER_NUMBER_OBJECT_CONVERSION = YES_AGGRESSIVE;
				CLANG_CXX_LANGUAGE_STANDARD = "gnu++14";
				CLANG_CXX_LIBRARY = "libc++";
				CLANG_ENABLE_MODULES = YES;
				CLANG_ENABLE_OBJC_ARC = YES;
				CLANG_ENABLE_OBJC_WEAK = YES;
				CLANG_WARN_BLOCK_CAPTURE_AUTORELEASING = YES;
				CLANG_WARN_BOOL_CONVERSION = YES;
				CLANG_WARN_COMMA = YES;
				CLANG_WARN_CONSTANT_CONVERSION = YES;
				CLANG_WARN_DEPRECATED_OBJC_IMPLEMENTATIONS = YES;
				CLANG_WARN_DIRECT_OBJC_ISA_USAGE = YES_ERROR;
				CLANG_WARN_DOCUMENTATION_COMMENTS = YES;
				CLANG_WARN_EMPTY_BODY = YES;
				CLANG_WARN_ENUM_CONVERSION = YES;
				CLANG_WARN_INFINITE_RECURSION = YES;
				CLANG_WARN_INT_CONVERSION = YES;
				CLANG_WARN_NON_LITERAL_NULL_CONVERSION = YES;
				CLANG_WARN_OBJC_IMPLICIT_RETAIN_SELF = YES;
				CLANG_WARN_OBJC_LITERAL_CONVERSION = YES;
				CLANG_WARN_OBJC_ROOT_CLASS = YES_ERROR;
				CLANG_WARN_QUOTED_INCLUDE_IN_FRAMEWORK_HEADER = YES;
				CLANG_WARN_RANGE_LOOP_ANALYSIS = YES;
				CLANG_WARN_STRICT_PROTOTYPES = YES;
				CLANG_WARN_SUSPICIOUS_MOVE = YES;
				CLANG_WARN_UNGUARDED_AVAILABILITY = YES_AGGRESSIVE;
				CLANG_WARN_UNREACHABLE_CODE = YES;
				CLANG_WARN__DUPLICATE_METHOD_MATCH = YES;
				COPY_PHASE_STRIP = NO;
				DEBUG_INFORMATION_FORMAT = "dwarf-with-dsym";
				ENABLE_NS_ASSERTIONS = NO;
				ENABLE_STRICT_OBJC_MSGSEND = YES;
				GCC_C_LANGUAGE_STANDARD = gnu11;
				GCC_NO_COMMON_BLOCKS = YES;
				GCC_WARN_64_TO_32_BIT_CONVERSION = YES;
				GCC_WARN_ABOUT_RETURN_TYPE = YES_ERROR;
				GCC_WARN_UNDECLARED_SELECTOR = YES;
				GCC_WARN_UNINITIALIZED_AUTOS = YES_AGGRESSIVE;
				GCC_WARN_UNUSED_FUNCTION = YES;
				GCC_WARN_UNUSED_VARIABLE = YES;
				IPHONEOS_DEPLOYMENT_TARGET = 14.0;
				MTL_ENABLE_DEBUG_INFO = NO;
				MTL_FAST_MATH = YES;
				SDKROOT = iphoneos;
				SWIFT_COMPILATION_MODE = wholemodule;
				SWIFT_OPTIMIZATION_LEVEL = "-O";
				VALIDATE_PRODUCT = YES;
			};
			name = Release;
		};
		502FC64128D34CE800963072 /* Debug */ = {
			isa = XCBuildConfiguration;
			buildSettings = {
				ASSETCATALOG_COMPILER_APPICON_NAME = AppIcon;
				ASSETCATALOG_COMPILER_GLOBAL_ACCENT_COLOR_NAME = AccentColor;
				CODE_SIGN_STYLE = Automatic;
				DEVELOPMENT_TEAM = 724J398RK7;
				INFOPLIST_FILE = "TODO-list/Info.plist";
				LD_RUNPATH_SEARCH_PATHS = (
					"$(inherited)",
					"@executable_path/Frameworks",
				);
				PRODUCT_BUNDLE_IDENTIFIER = "medovnik.TODO-list";
				PRODUCT_NAME = "$(TARGET_NAME)";
				SWIFT_VERSION = 5.0;
				TARGETED_DEVICE_FAMILY = "1,2";
			};
			name = Debug;
		};
		502FC64228D34CE800963072 /* Release */ = {
			isa = XCBuildConfiguration;
			buildSettings = {
				ASSETCATALOG_COMPILER_APPICON_NAME = AppIcon;
				ASSETCATALOG_COMPILER_GLOBAL_ACCENT_COLOR_NAME = AccentColor;
				CODE_SIGN_STYLE = Automatic;
				DEVELOPMENT_TEAM = 724J398RK7;
				INFOPLIST_FILE = "TODO-list/Info.plist";
				LD_RUNPATH_SEARCH_PATHS = (
					"$(inherited)",
					"@executable_path/Frameworks",
				);
				PRODUCT_BUNDLE_IDENTIFIER = "medovnik.TODO-list";
				PRODUCT_NAME = "$(TARGET_NAME)";
				SWIFT_VERSION = 5.0;
				TARGETED_DEVICE_FAMILY = "1,2";
			};
			name = Release;
		};
/* End XCBuildConfiguration section */

/* Begin XCConfigurationList section */
		502FC62728D34CE500963072 /* Build configuration list for PBXProject "TODO-list" */ = {
			isa = XCConfigurationList;
			buildConfigurations = (
				502FC63E28D34CE800963072 /* Debug */,
				502FC63F28D34CE800963072 /* Release */,
			);
			defaultConfigurationIsVisible = 0;
			defaultConfigurationName = Release;
		};
		502FC64028D34CE800963072 /* Build configuration list for PBXNativeTarget "TODO-list" */ = {
			isa = XCConfigurationList;
			buildConfigurations = (
				502FC64128D34CE800963072 /* Debug */,
				502FC64228D34CE800963072 /* Release */,
			);
			defaultConfigurationIsVisible = 0;
			defaultConfigurationName = Release;
		};
/* End XCConfigurationList section */
	};
	rootObject = 502FC62428D34CE500963072 /* Project object */;
}
